
Microsoft Visual Studio Solution File, Format Version 12.00
# Visual Studio Version 17
VisualStudioVersion = 17.2.32616.157
MinimumVisualStudioVersion = 10.0.40219.1
Project("{FAE04EC0-301F-11D3-BF4B-00C04F79EFBC}") = "FinalApp", "FinalApp\FinalApp.csproj", "{2CA34242-5120-4CB5-AA91-7B15165393B7}"
EndProject
Project("{FAE04EC0-301F-11D3-BF4B-00C04F79EFBC}") = "Entities", "Entities\Entities.csproj", "{93D59B6C-8128-4D48-80F8-00B035768D9D}"
EndProject
Project("{FAE04EC0-301F-11D3-BF4B-00C04F79EFBC}") = "MyDatabase", "MyDatabase\MyDatabase.csproj", "{9D61A33B-6758-441F-9746-A9E0795B94CA}"
EndProject
Project("{FAE04EC0-301F-11D3-BF4B-00C04F79EFBC}") = "RepositoryServices", "RepositoryServices\RepositoryServices.csproj", "{A004E188-1421-4371-8C5A-582EB4A48F27}"
EndProject
Project("{FAE04EC0-301F-11D3-BF4B-00C04F79EFBC}") = "Experiments", "Experiments\Experiments.csproj", "{72173388-0A9F-4781-939D-782DD29A6B04}"
EndProject
Global
	GlobalSection(SolutionConfigurationPlatforms) = preSolution
		Debug|Any CPU = Debug|Any CPU
		Release|Any CPU = Release|Any CPU
	EndGlobalSection
	GlobalSection(ProjectConfigurationPlatforms) = postSolution
		{2CA34242-5120-4CB5-AA91-7B15165393B7}.Debug|Any CPU.ActiveCfg = Debug|Any CPU
		{2CA34242-5120-4CB5-AA91-7B15165393B7}.Debug|Any CPU.Build.0 = Debug|Any CPU
		{2CA34242-5120-4CB5-AA91-7B15165393B7}.Release|Any CPU.ActiveCfg = Release|Any CPU
		{2CA34242-5120-4CB5-AA91-7B15165393B7}.Release|Any CPU.Build.0 = Release|Any CPU
		{93D59B6C-8128-4D48-80F8-00B035768D9D}.Debug|Any CPU.ActiveCfg = Debug|Any CPU
		{93D59B6C-8128-4D48-80F8-00B035768D9D}.Debug|Any CPU.Build.0 = Debug|Any CPU
		{93D59B6C-8128-4D48-80F8-00B035768D9D}.Release|Any CPU.ActiveCfg = Release|Any CPU
		{93D59B6C-8128-4D48-80F8-00B035768D9D}.Release|Any CPU.Build.0 = Release|Any CPU
		{9D61A33B-6758-441F-9746-A9E0795B94CA}.Debug|Any CPU.ActiveCfg = Debug|Any CPU
		{9D61A33B-6758-441F-9746-A9E0795B94CA}.Debug|Any CPU.Build.0 = Debug|Any CPU
		{9D61A33B-6758-441F-9746-A9E0795B94CA}.Release|Any CPU.ActiveCfg = Release|Any CPU
		{9D61A33B-6758-441F-9746-A9E0795B94CA}.Release|Any CPU.Build.0 = Release|Any CPU
		{A004E188-1421-4371-8C5A-582EB4A48F27}.Debug|Any CPU.ActiveCfg = Debug|Any CPU
		{A004E188-1421-4371-8C5A-582EB4A48F27}.Debug|Any CPU.Build.0 = Debug|Any CPU
		{A004E188-1421-4371-8C5A-582EB4A48F27}.Release|Any CPU.ActiveCfg = Release|Any CPU
		{A004E188-1421-4371-8C5A-582EB4A48F27}.Release|Any CPU.Build.0 = Release|Any CPU
		{72173388-0A9F-4781-939D-782DD29A6B04}.Debug|Any CPU.ActiveCfg = Debug|Any CPU
		{72173388-0A9F-4781-939D-782DD29A6B04}.Debug|Any CPU.Build.0 = Debug|Any CPU
		{72173388-0A9F-4781-939D-782DD29A6B04}.Release|Any CPU.ActiveCfg = Release|Any CPU
		{72173388-0A9F-4781-939D-782DD29A6B04}.Release|Any CPU.Build.0 = Release|Any CPU
	EndGlobalSection
	GlobalSection(SolutionProperties) = preSolution
		HideSolutionNode = FALSE
	EndGlobalSection
	GlobalSection(ExtensibilityGlobals) = postSolution
		SolutionGuid = {8BA60D19-50A7-4E67-BE88-55DE0503E53B}
	EndGlobalSection
EndGlobal
